// !$*UTF8*$!
{
	archiveVersion = 1;
	classes = {
	};
	objectVersion = 56;
	objects = {

/* Begin PBXBuildFile section */
		1418A58D2946016500ADD232 /* main.cpp in Sources */ = {isa = PBXBuildFile; fileRef = 1418A58C2946016500ADD232 /* main.cpp */; };
		1418A595294601F000ADD232 /* OpenGL.framework in Frameworks */ = {isa = PBXBuildFile; fileRef = 1418A594294601EF00ADD232 /* OpenGL.framework */; };
		1418A597294601F300ADD232 /* GLUT.framework in Frameworks */ = {isa = PBXBuildFile; fileRef = 1418A596294601F300ADD232 /* GLUT.framework */; };
		1418A5992946021D00ADD232 /* libSDL2-2.0.0.dylib in Frameworks */ = {isa = PBXBuildFile; fileRef = 1418A5982946021D00ADD232 /* libSDL2-2.0.0.dylib */; };
		1418A59B2946023B00ADD232 /* libFLAC.12.dylib in Frameworks */ = {isa = PBXBuildFile; fileRef = 1418A59A2946023A00ADD232 /* libFLAC.12.dylib */; };
		1418A59D2946024800ADD232 /* libmodplug.1.dylib in Frameworks */ = {isa = PBXBuildFile; fileRef = 1418A59C2946024800ADD232 /* libmodplug.1.dylib */; };
		1418A59F2946025B00ADD232 /* libogg.0.dylib in Frameworks */ = {isa = PBXBuildFile; fileRef = 1418A59E2946025B00ADD232 /* libogg.0.dylib */; };
		1418A5A12946026F00ADD232 /* libvorbis.0.dylib in Frameworks */ = {isa = PBXBuildFile; fileRef = 1418A5A02946026F00ADD232 /* libvorbis.0.dylib */; };
		1418A5A32946027D00ADD232 /* libmpg123.0.dylib in Frameworks */ = {isa = PBXBuildFile; fileRef = 1418A5A22946027D00ADD232 /* libmpg123.0.dylib */; };
		1418A5A52946028F00ADD232 /* libSDL2_mixer-2.0.0.dylib in Frameworks */ = {isa = PBXBuildFile; fileRef = 1418A5A42946028F00ADD232 /* libSDL2_mixer-2.0.0.dylib */; };
		1418A5A62946029400ADD232 /* libFLAC.12.dylib in Embed Libraries */ = {isa = PBXBuildFile; fileRef = 1418A59A2946023A00ADD232 /* libFLAC.12.dylib */; settings = {ATTRIBUTES = (CodeSignOnCopy, ); }; };
		1418A5A82946029600ADD232 /* libmodplug.1.dylib in Embed Libraries */ = {isa = PBXBuildFile; fileRef = 1418A59C2946024800ADD232 /* libmodplug.1.dylib */; settings = {ATTRIBUTES = (CodeSignOnCopy, ); }; };
		1418A5A92946029700ADD232 /* libmpg123.0.dylib in Embed Libraries */ = {isa = PBXBuildFile; fileRef = 1418A5A22946027D00ADD232 /* libmpg123.0.dylib */; settings = {ATTRIBUTES = (CodeSignOnCopy, ); }; };
		1418A5AA2946029900ADD232 /* libogg.0.dylib in Embed Libraries */ = {isa = PBXBuildFile; fileRef = 1418A59E2946025B00ADD232 /* libogg.0.dylib */; settings = {ATTRIBUTES = (CodeSignOnCopy, ); }; };
		1418A5AB2946029B00ADD232 /* libSDL2_mixer-2.0.0.dylib in Embed Libraries */ = {isa = PBXBuildFile; fileRef = 1418A5A42946028F00ADD232 /* libSDL2_mixer-2.0.0.dylib */; settings = {ATTRIBUTES = (CodeSignOnCopy, ); }; };
		1418A5AC2946029C00ADD232 /* libSDL2-2.0.0.dylib in Embed Libraries */ = {isa = PBXBuildFile; fileRef = 1418A5982946021D00ADD232 /* libSDL2-2.0.0.dylib */; settings = {ATTRIBUTES = (CodeSignOnCopy, ); }; };
		1418A5AD2946029E00ADD232 /* libvorbis.0.dylib in Embed Libraries */ = {isa = PBXBuildFile; fileRef = 1418A5A02946026F00ADD232 /* libvorbis.0.dylib */; settings = {ATTRIBUTES = (CodeSignOnCopy, ); }; };
/* End PBXBuildFile section */

/* Begin PBXCopyFilesBuildPhase section */
		1418A5872946016500ADD232 /* CopyFiles */ = {
			isa = PBXCopyFilesBuildPhase;
			buildActionMask = 2147483647;
			dstPath = /usr/share/man/man1/;
			dstSubfolderSpec = 0;
			files = (
			);
			runOnlyForDeploymentPostprocessing = 1;
		};
		1418A5A72946029400ADD232 /* Embed Libraries */ = {
			isa = PBXCopyFilesBuildPhase;
			buildActionMask = 2147483647;
			dstPath = "";
			dstSubfolderSpec = 10;
			files = (
				1418A5AC2946029C00ADD232 /* libSDL2-2.0.0.dylib in Embed Libraries */,
				1418A5A82946029600ADD232 /* libmodplug.1.dylib in Embed Libraries */,
				1418A5AB2946029B00ADD232 /* libSDL2_mixer-2.0.0.dylib in Embed Libraries */,
				1418A5A92946029700ADD232 /* libmpg123.0.dylib in Embed Libraries */,
				1418A5AD2946029E00ADD232 /* libvorbis.0.dylib in Embed Libraries */,
				1418A5AA2946029900ADD232 /* libogg.0.dylib in Embed Libraries */,
				1418A5A62946029400ADD232 /* libFLAC.12.dylib in Embed Libraries */,
			);
			name = "Embed Libraries";
			runOnlyForDeploymentPostprocessing = 0;
		};
/* End PBXCopyFilesBuildPhase section */

/* Begin PBXFileReference section */
		1418A5892946016500ADD232 /* flappy */ = {isa = PBXFileReference; explicitFileType = "compiled.mach-o.executable"; includeInIndex = 0; path = flappy; sourceTree = BUILT_PRODUCTS_DIR; };
		1418A58C2946016500ADD232 /* main.cpp */ = {isa = PBXFileReference; lastKnownFileType = sourcecode.cpp.cpp; path = main.cpp; sourceTree = "<group>"; };
		1418A594294601EF00ADD232 /* OpenGL.framework */ = {isa = PBXFileReference; lastKnownFileType = wrapper.framework; name = OpenGL.framework; path = System/Library/Frameworks/OpenGL.framework; sourceTree = SDKROOT; };
		1418A596294601F300ADD232 /* GLUT.framework */ = {isa = PBXFileReference; lastKnownFileType = wrapper.framework; name = GLUT.framework; path = System/Library/Frameworks/GLUT.framework; sourceTree = SDKROOT; };
		1418A5982946021D00ADD232 /* libSDL2-2.0.0.dylib */ = {isa = PBXFileReference; lastKnownFileType = "compiled.mach-o.dylib"; name = "libSDL2-2.0.0.dylib"; path = "../../../../../../../usr/local/Cellar/sdl2/2.26.0/lib/libSDL2-2.0.0.dylib"; sourceTree = "<group>"; };
		1418A59A2946023A00ADD232 /* libFLAC.12.dylib */ = {isa = PBXFileReference; lastKnownFileType = "compiled.mach-o.dylib"; name = libFLAC.12.dylib; path = ../../../../../../../usr/local/Cellar/flac/1.4.2/lib/libFLAC.12.dylib; sourceTree = "<group>"; };
		1418A59C2946024800ADD232 /* libmodplug.1.dylib */ = {isa = PBXFileReference; lastKnownFileType = "compiled.mach-o.dylib"; name = libmodplug.1.dylib; path = ../../../../../../../usr/local/Cellar/libmodplug/0.8.9.0/lib/libmodplug.1.dylib; sourceTree = "<group>"; };
		1418A59E2946025B00ADD232 /* libogg.0.dylib */ = {isa = PBXFileReference; lastKnownFileType = "compiled.mach-o.dylib"; name = libogg.0.dylib; path = ../../../../../../../usr/local/Cellar/libogg/1.3.5/lib/libogg.0.dylib; sourceTree = "<group>"; };
		1418A5A02946026F00ADD232 /* libvorbis.0.dylib */ = {isa = PBXFileReference; lastKnownFileType = "compiled.mach-o.dylib"; name = libvorbis.0.dylib; path = ../../../../../../../usr/local/Cellar/libvorbis/1.3.7/lib/libvorbis.0.dylib; sourceTree = "<group>"; };
		1418A5A22946027D00ADD232 /* libmpg123.0.dylib */ = {isa = PBXFileReference; lastKnownFileType = "compiled.mach-o.dylib"; name = libmpg123.0.dylib; path = ../../../../../../../usr/local/Cellar/mpg123/1.31.1/lib/libmpg123.0.dylib; sourceTree = "<group>"; };
		1418A5A42946028F00ADD232 /* libSDL2_mixer-2.0.0.dylib */ = {isa = PBXFileReference; lastKnownFileType = "compiled.mach-o.dylib"; name = "libSDL2_mixer-2.0.0.dylib"; path = "../../../../../../../usr/local/Cellar/sdl2_mixer/2.6.2/lib/libSDL2_mixer-2.0.0.dylib"; sourceTree = "<group>"; };
/* End PBXFileReference section */

/* Begin PBXFrameworksBuildPhase section */
		1418A5862946016500ADD232 /* Frameworks */ = {
			isa = PBXFrameworksBuildPhase;
			buildActionMask = 2147483647;
			files = (
				1418A5A52946028F00ADD232 /* libSDL2_mixer-2.0.0.dylib in Frameworks */,
				1418A5A32946027D00ADD232 /* libmpg123.0.dylib in Frameworks */,
				1418A5A12946026F00ADD232 /* libvorbis.0.dylib in Frameworks */,
				1418A59F2946025B00ADD232 /* libogg.0.dylib in Frameworks */,
				1418A59D2946024800ADD232 /* libmodplug.1.dylib in Frameworks */,
				1418A59B2946023B00ADD232 /* libFLAC.12.dylib in Frameworks */,
				1418A5992946021D00ADD232 /* libSDL2-2.0.0.dylib in Frameworks */,
				1418A597294601F300ADD232 /* GLUT.framework in Frameworks */,
				1418A595294601F000ADD232 /* OpenGL.framework in Frameworks */,
			);
			runOnlyForDeploymentPostprocessing = 0;
		};
/* End PBXFrameworksBuildPhase section */

/* Begin PBXGroup section */
		1418A5802946016400ADD232 = {
			isa = PBXGroup;
			children = (
				1418A58B2946016500ADD232 /* flappy */,
				1418A58A2946016500ADD232 /* Products */,
				1418A593294601EF00ADD232 /* Frameworks */,
			);
			sourceTree = "<group>";
		};
		1418A58A2946016500ADD232 /* Products */ = {
			isa = PBXGroup;
			children = (
				1418A5892946016500ADD232 /* flappy */,
			);
			name = Products;
			sourceTree = "<group>";
		};
		1418A58B2946016500ADD232 /* flappy */ = {
			isa = PBXGroup;
			children = (
				1418A58C2946016500ADD232 /* main.cpp */,
			);
			path = flappy;
			sourceTree = "<group>";
		};
		1418A593294601EF00ADD232 /* Frameworks */ = {
			isa = PBXGroup;
			children = (
				1418A5A42946028F00ADD232 /* libSDL2_mixer-2.0.0.dylib */,
				1418A5A22946027D00ADD232 /* libmpg123.0.dylib */,
				1418A5A02946026F00ADD232 /* libvorbis.0.dylib */,
				1418A59E2946025B00ADD232 /* libogg.0.dylib */,
				1418A59C2946024800ADD232 /* libmodplug.1.dylib */,
				1418A59A2946023A00ADD232 /* libFLAC.12.dylib */,
				1418A5982946021D00ADD232 /* libSDL2-2.0.0.dylib */,
				1418A596294601F300ADD232 /* GLUT.framework */,
				1418A594294601EF00ADD232 /* OpenGL.framework */,
			);
			name = Frameworks;
			sourceTree = "<group>";
		};
/* End PBXGroup section */

/* Begin PBXNativeTarget section */
		1418A5882946016500ADD232 /* flappy */ = {
			isa = PBXNativeTarget;
			buildConfigurationList = 1418A5902946016500ADD232 /* Build configuration list for PBXNativeTarget "flappy" */;
			buildPhases = (
				1418A5852946016500ADD232 /* Sources */,
				1418A5862946016500ADD232 /* Frameworks */,
				1418A5872946016500ADD232 /* CopyFiles */,
				1418A5A72946029400ADD232 /* Embed Libraries */,
			);
			buildRules = (
			);
			dependencies = (
			);
			name = flappy;
			productName = flappy;
			productReference = 1418A5892946016500ADD232 /* flappy */;
			productType = "com.apple.product-type.tool";
		};
/* End PBXNativeTarget section */

/* Begin PBXProject section */
		1418A5812946016400ADD232 /* Project object */ = {
			isa = PBXProject;
			attributes = {
				BuildIndependentTargetsInParallel = 1;
				LastUpgradeCheck = 1400;
				TargetAttributes = {
					1418A5882946016500ADD232 = {
						CreatedOnToolsVersion = 14.0;
					};
				};
			};
			buildConfigurationList = 1418A5842946016400ADD232 /* Build configuration list for PBXProject "flappy" */;
			compatibilityVersion = "Xcode 14.0";
			developmentRegion = en;
			hasScannedForEncodings = 0;
			knownRegions = (
				en,
				Base,
			);
			mainGroup = 1418A5802946016400ADD232;
			productRefGroup = 1418A58A2946016500ADD232 /* Products */;
			projectDirPath = "";
			projectRoot = "";
			targets = (
				1418A5882946016500ADD232 /* flappy */,
			);
		};
/* End PBXProject section */

/* Begin PBXSourcesBuildPhase section */
		1418A5852946016500ADD232 /* Sources */ = {
			isa = PBXSourcesBuildPhase;
			buildActionMask = 2147483647;
			files = (
				1418A58D2946016500ADD232 /* main.cpp in Sources */,
			);
			runOnlyForDeploymentPostprocessing = 0;
		};
/* End PBXSourcesBuildPhase section */

/* Begin XCBuildConfiguration section */
		1418A58E2946016500ADD232 /* Debug */ = {
			isa = XCBuildConfiguration;
			buildSettings = {
				ALWAYS_SEARCH_USER_PATHS = NO;
				CLANG_ANALYZER_NONNULL = YES;
				CLANG_ANALYZER_NUMBER_OBJECT_CONVERSION = YES_AGGRESSIVE;
				CLANG_CXX_LANGUAGE_STANDARD = "gnu++20";
				CLANG_ENABLE_MODULES = YES;
				CLANG_ENABLE_OBJC_ARC = YES;
				CLANG_ENABLE_OBJC_WEAK = YES;
				CLANG_WARN_BLOCK_CAPTURE_AUTORELEASING = YES;
				CLANG_WARN_BOOL_CONVERSION = YES;
				CLANG_WARN_COMMA = YES;
				CLANG_WARN_CONSTANT_CONVERSION = YES;
				CLANG_WARN_DEPRECATED_OBJC_IMPLEMENTATIONS = YES;
				CLANG_WARN_DIRECT_OBJC_ISA_USAGE = YES_ERROR;
				CLANG_WARN_DOCUMENTATION_COMMENTS = YES;
				CLANG_WARN_EMPTY_BODY = YES;
				CLANG_WARN_ENUM_CONVERSION = YES;
				CLANG_WARN_INFINITE_RECURSION = YES;
				CLANG_WARN_INT_CONVERSION = YES;
				CLANG_WARN_NON_LITERAL_NULL_CONVERSION = YES;
				CLANG_WARN_OBJC_IMPLICIT_RETAIN_SELF = YES;
				CLANG_WARN_OBJC_LITERAL_CONVERSION = YES;
				CLANG_WARN_OBJC_ROOT_CLASS = YES_ERROR;
				CLANG_WARN_QUOTED_INCLUDE_IN_FRAMEWORK_HEADER = YES;
				CLANG_WARN_RANGE_LOOP_ANALYSIS = YES;
				CLANG_WARN_STRICT_PROTOTYPES = YES;
				CLANG_WARN_SUSPICIOUS_MOVE = YES;
				CLANG_WARN_UNGUARDED_AVAILABILITY = YES_AGGRESSIVE;
				CLANG_WARN_UNREACHABLE_CODE = YES;
				CLANG_WARN__DUPLICATE_METHOD_MATCH = YES;
				COPY_PHASE_STRIP = NO;
				DEBUG_INFORMATION_FORMAT = dwarf;
				ENABLE_STRICT_OBJC_MSGSEND = YES;
				ENABLE_TESTABILITY = YES;
				GCC_C_LANGUAGE_STANDARD = gnu11;
				GCC_DYNAMIC_NO_PIC = NO;
				GCC_NO_COMMON_BLOCKS = YES;
				GCC_OPTIMIZATION_LEVEL = 0;
				GCC_PREPROCESSOR_DEFINITIONS = (
					"DEBUG=1",
					"$(inherited)",
				);
				GCC_WARN_64_TO_32_BIT_CONVERSION = YES;
				GCC_WARN_ABOUT_RETURN_TYPE = YES_ERROR;
				GCC_WARN_UNDECLARED_SELECTOR = YES;
				GCC_WARN_UNINITIALIZED_AUTOS = YES_AGGRESSIVE;
				GCC_WARN_UNUSED_FUNCTION = YES;
				GCC_WARN_UNUSED_VARIABLE = YES;
				MACOSX_DEPLOYMENT_TARGET = 12.3;
				MTL_ENABLE_DEBUG_INFO = INCLUDE_SOURCE;
				MTL_FAST_MATH = YES;
				ONLY_ACTIVE_ARCH = YES;
				SDKROOT = macosx;
			};
			name = Debug;
		};
		1418A58F2946016500ADD232 /* Release */ = {
			isa = XCBuildConfiguration;
			buildSettings = {
				ALWAYS_SEARCH_USER_PATHS = NO;
				CLANG_ANALYZER_NONNULL = YES;
				CLANG_ANALYZER_NUMBER_OBJECT_CONVERSION = YES_AGGRESSIVE;
				CLANG_CXX_LANGUAGE_STANDARD = "gnu++20";
				CLANG_ENABLE_MODULES = YES;
				CLANG_ENABLE_OBJC_ARC = YES;
				CLANG_ENABLE_OBJC_WEAK = YES;
				CLANG_WARN_BLOCK_CAPTURE_AUTORELEASING = YES;
				CLANG_WARN_BOOL_CONVERSION = YES;
				CLANG_WARN_COMMA = YES;
				CLANG_WARN_CONSTANT_CONVERSION = YES;
				CLANG_WARN_DEPRECATED_OBJC_IMPLEMENTATIONS = YES;
				CLANG_WARN_DIRECT_OBJC_ISA_USAGE = YES_ERROR;
				CLANG_WARN_DOCUMENTATION_COMMENTS = YES;
				CLANG_WARN_EMPTY_BODY = YES;
				CLANG_WARN_ENUM_CONVERSION = YES;
				CLANG_WARN_INFINITE_RECURSION = YES;
				CLANG_WARN_INT_CONVERSION = YES;
				CLANG_WARN_NON_LITERAL_NULL_CONVERSION = YES;
				CLANG_WARN_OBJC_IMPLICIT_RETAIN_SELF = YES;
				CLANG_WARN_OBJC_LITERAL_CONVERSION = YES;
				CLANG_WARN_OBJC_ROOT_CLASS = YES_ERROR;
				CLANG_WARN_QUOTED_INCLUDE_IN_FRAMEWORK_HEADER = YES;
				CLANG_WARN_RANGE_LOOP_ANALYSIS = YES;
				CLANG_WARN_STRICT_PROTOTYPES = YES;
				CLANG_WARN_SUSPICIOUS_MOVE = YES;
				CLANG_WARN_UNGUARDED_AVAILABILITY = YES_AGGRESSIVE;
				CLANG_WARN_UNREACHABLE_CODE = YES;
				CLANG_WARN__DUPLICATE_METHOD_MATCH = YES;
				COPY_PHASE_STRIP = NO;
				DEBUG_INFORMATION_FORMAT = "dwarf-with-dsym";
				ENABLE_NS_ASSERTIONS = NO;
				ENABLE_STRICT_OBJC_MSGSEND = YES;
				GCC_C_LANGUAGE_STANDARD = gnu11;
				GCC_NO_COMMON_BLOCKS = YES;
				GCC_WARN_64_TO_32_BIT_CONVERSION = YES;
				GCC_WARN_ABOUT_RETURN_TYPE = YES_ERROR;
				GCC_WARN_UNDECLARED_SELECTOR = YES;
				GCC_WARN_UNINITIALIZED_AUTOS = YES_AGGRESSIVE;
				GCC_WARN_UNUSED_FUNCTION = YES;
				GCC_WARN_UNUSED_VARIABLE = YES;
				MACOSX_DEPLOYMENT_TARGET = 12.3;
				MTL_ENABLE_DEBUG_INFO = NO;
				MTL_FAST_MATH = YES;
				SDKROOT = macosx;
			};
			name = Release;
		};
		1418A5912946016500ADD232 /* Debug */ = {
			isa = XCBuildConfiguration;
			buildSettings = {
				CODE_SIGN_STYLE = Automatic;
				DEVELOPMENT_TEAM = M72GVPRP5H;
				ENABLE_HARDENED_RUNTIME = YES;
				HEADER_SEARCH_PATHS = /usr/local/include;
				LIBRARY_SEARCH_PATHS = (
					"$(inherited)",
					/usr/local/Cellar/sdl2/2.26.0/lib,
					/usr/local/Cellar/flac/1.4.2/lib,
					/usr/local/Cellar/libmodplug/0.8.9.0/lib,
					/usr/local/Cellar/libogg/1.3.5/lib,
					/usr/local/Cellar/libvorbis/1.3.7/lib,
					/usr/local/Cellar/mpg123/1.31.1/lib,
					/usr/local/Cellar/sdl2_mixer/2.6.2/lib,
				);
				OTHER_CFLAGS = "-Wno-deprecated";
				PRODUCT_NAME = "$(TARGET_NAME)";
			};
			name = Debug;
		};
		1418A5922946016500ADD232 /* Release */ = {
			isa = XCBuildConfiguration;
			buildSettings = {
				CODE_SIGN_STYLE = Automatic;
				DEVELOPMENT_TEAM = M72GVPRP5H;
				ENABLE_HARDENED_RUNTIME = YES;
				HEADER_SEARCH_PATHS = /usr/local/include;
				LIBRARY_SEARCH_PATHS = (
					"$(inherited)",
					/usr/local/Cellar/sdl2/2.26.0/lib,
					/usr/local/Cellar/flac/1.4.2/lib,
					/usr/local/Cellar/libmodplug/0.8.9.0/lib,
					/usr/local/Cellar/libogg/1.3.5/lib,
					/usr/local/Cellar/libvorbis/1.3.7/lib,
					/usr/local/Cellar/mpg123/1.31.1/lib,
					/usr/local/Cellar/sdl2_mixer/2.6.2/lib,
				);
				OTHER_CFLAGS = "-Wno-deprecated";
				PRODUCT_NAME = "$(TARGET_NAME)";
			};
			name = Release;
		};
/* End XCBuildConfiguration section */

/* Begin XCConfigurationList section */
		1418A5842946016400ADD232 /* Build configuration list for PBXProject "flappy" */ = {
			isa = XCConfigurationList;
			buildConfigurations = (
				1418A58E2946016500ADD232 /* Debug */,
				1418A58F2946016500ADD232 /* Release */,
			);
			defaultConfigurationIsVisible = 0;
			defaultConfigurationName = Release;
		};
		1418A5902946016500ADD232 /* Build configuration list for PBXNativeTarget "flappy" */ = {
			isa = XCConfigurationList;
			buildConfigurations = (
				1418A5912946016500ADD232 /* Debug */,
				1418A5922946016500ADD232 /* Release */,
			);
			defaultConfigurationIsVisible = 0;
			defaultConfigurationName = Release;
		};
/* End XCConfigurationList section */
	};
	rootObject = 1418A5812946016400ADD232 /* Project object */;
}
