// !$*UTF8*$!
{
	archiveVersion = 1;
	classes = {
	};
	objectVersion = 56;
	objects = {

/* Begin PBXBuildFile section */
		1418A5AF2946D8C700ADD232 /* libSDL2-2.0.0.dylib in Frameworks */ = {isa = PBXBuildFile; fileRef = 1418A5AE2946D8C700ADD232 /* libSDL2-2.0.0.dylib */; };
		1418A5B02946D8CE00ADD232 /* libSDL2-2.0.0.dylib in Embed Libraries */ = {isa = PBXBuildFile; fileRef = 1418A5AE2946D8C700ADD232 /* libSDL2-2.0.0.dylib */; settings = {ATTRIBUTES = (CodeSignOnCopy, ); }; };
		14FB3DB8293D9D4B0062D118 /* main.cpp in Sources */ = {isa = PBXBuildFile; fileRef = 14FB3DB7293D9D4B0062D118 /* main.cpp */; };
		14FB3DC0293D9D570062D118 /* GLUT.framework in Frameworks */ = {isa = PBXBuildFile; fileRef = 14FB3DBF293D9D570062D118 /* GLUT.framework */; };
		14FB3DC2293D9D610062D118 /* OpenGL.framework in Frameworks */ = {isa = PBXBuildFile; fileRef = 14FB3DC1293D9D610062D118 /* OpenGL.framework */; };
/* End PBXBuildFile section */

/* Begin PBXCopyFilesBuildPhase section */
		1418A5B12946D8CE00ADD232 /* Embed Libraries */ = {
			isa = PBXCopyFilesBuildPhase;
			buildActionMask = 2147483647;
			dstPath = "";
			dstSubfolderSpec = 10;
			files = (
				1418A5B02946D8CE00ADD232 /* libSDL2-2.0.0.dylib in Embed Libraries */,
			);
			name = "Embed Libraries";
			runOnlyForDeploymentPostprocessing = 0;
		};
		14FB3DB2293D9D4B0062D118 /* CopyFiles */ = {
			isa = PBXCopyFilesBuildPhase;
			buildActionMask = 2147483647;
			dstPath = /usr/share/man/man1/;
			dstSubfolderSpec = 0;
			files = (
			);
			runOnlyForDeploymentPostprocessing = 1;
		};
/* End PBXCopyFilesBuildPhase section */

/* Begin PBXFileReference section */
		1418A5AE2946D8C700ADD232 /* libSDL2-2.0.0.dylib */ = {isa = PBXFileReference; lastKnownFileType = "compiled.mach-o.dylib"; name = "libSDL2-2.0.0.dylib"; path = "../../../../../usr/local/Cellar/sdl2/2.26.0/lib/libSDL2-2.0.0.dylib"; sourceTree = "<group>"; };
		14FB3DB4293D9D4B0062D118 /* cg_lab10 */ = {isa = PBXFileReference; explicitFileType = "compiled.mach-o.executable"; includeInIndex = 0; path = cg_lab10; sourceTree = BUILT_PRODUCTS_DIR; };
		14FB3DB7293D9D4B0062D118 /* main.cpp */ = {isa = PBXFileReference; lastKnownFileType = sourcecode.cpp.cpp; path = main.cpp; sourceTree = "<group>"; };
		14FB3DBF293D9D570062D118 /* GLUT.framework */ = {isa = PBXFileReference; lastKnownFileType = wrapper.framework; name = GLUT.framework; path = System/Library/Frameworks/GLUT.framework; sourceTree = SDKROOT; };
		14FB3DC1293D9D610062D118 /* OpenGL.framework */ = {isa = PBXFileReference; lastKnownFileType = wrapper.framework; name = OpenGL.framework; path = System/Library/Frameworks/OpenGL.framework; sourceTree = SDKROOT; };
/* End PBXFileReference section */

/* Begin PBXFrameworksBuildPhase section */
		14FB3DB1293D9D4B0062D118 /* Frameworks */ = {
			isa = PBXFrameworksBuildPhase;
			buildActionMask = 2147483647;
			files = (
				1418A5AF2946D8C700ADD232 /* libSDL2-2.0.0.dylib in Frameworks */,
				14FB3DC2293D9D610062D118 /* OpenGL.framework in Frameworks */,
				14FB3DC0293D9D570062D118 /* GLUT.framework in Frameworks */,
			);
			runOnlyForDeploymentPostprocessing = 0;
		};
/* End PBXFrameworksBuildPhase section */

/* Begin PBXGroup section */
		14FB3DAB293D9D4B0062D118 = {
			isa = PBXGroup;
			children = (
				14FB3DB6293D9D4B0062D118 /* cg_lab10 */,
				14FB3DB5293D9D4B0062D118 /* Products */,
				14FB3DBE293D9D570062D118 /* Frameworks */,
			);
			sourceTree = "<group>";
		};
		14FB3DB5293D9D4B0062D118 /* Products */ = {
			isa = PBXGroup;
			children = (
				14FB3DB4293D9D4B0062D118 /* cg_lab10 */,
			);
			name = Products;
			sourceTree = "<group>";
		};
		14FB3DB6293D9D4B0062D118 /* cg_lab10 */ = {
			isa = PBXGroup;
			children = (
				14FB3DB7293D9D4B0062D118 /* main.cpp */,
			);
			path = cg_lab10;
			sourceTree = "<group>";
		};
		14FB3DBE293D9D570062D118 /* Frameworks */ = {
			isa = PBXGroup;
			children = (
				1418A5AE2946D8C700ADD232 /* libSDL2-2.0.0.dylib */,
				14FB3DC1293D9D610062D118 /* OpenGL.framework */,
				14FB3DBF293D9D570062D118 /* GLUT.framework */,
			);
			name = Frameworks;
			sourceTree = "<group>";
		};
/* End PBXGroup section */

/* Begin PBXNativeTarget section */
		14FB3DB3293D9D4B0062D118 /* cg_lab10 */ = {
			isa = PBXNativeTarget;
			buildConfigurationList = 14FB3DBB293D9D4B0062D118 /* Build configuration list for PBXNativeTarget "cg_lab10" */;
			buildPhases = (
				14FB3DB0293D9D4B0062D118 /* Sources */,
				14FB3DB1293D9D4B0062D118 /* Frameworks */,
				14FB3DB2293D9D4B0062D118 /* CopyFiles */,
				1418A5B12946D8CE00ADD232 /* Embed Libraries */,
			);
			buildRules = (
			);
			dependencies = (
			);
			name = cg_lab10;
			productName = cg_lab10;
			productReference = 14FB3DB4293D9D4B0062D118 /* cg_lab10 */;
			productType = "com.apple.product-type.tool";
		};
/* End PBXNativeTarget section */

/* Begin PBXProject section */
		14FB3DAC293D9D4B0062D118 /* Project object */ = {
			isa = PBXProject;
			attributes = {
				BuildIndependentTargetsInParallel = 1;
				LastUpgradeCheck = 1400;
				TargetAttributes = {
					14FB3DB3293D9D4B0062D118 = {
						CreatedOnToolsVersion = 14.0;
					};
				};
			};
			buildConfigurationList = 14FB3DAF293D9D4B0062D118 /* Build configuration list for PBXProject "cg_lab10" */;
			compatibilityVersion = "Xcode 14.0";
			developmentRegion = en;
			hasScannedForEncodings = 0;
			knownRegions = (
				en,
				Base,
			);
			mainGroup = 14FB3DAB293D9D4B0062D118;
			productRefGroup = 14FB3DB5293D9D4B0062D118 /* Products */;
			projectDirPath = "";
			projectRoot = "";
			targets = (
				14FB3DB3293D9D4B0062D118 /* cg_lab10 */,
			);
		};
/* End PBXProject section */

/* Begin PBXSourcesBuildPhase section */
		14FB3DB0293D9D4B0062D118 /* Sources */ = {
			isa = PBXSourcesBuildPhase;
			buildActionMask = 2147483647;
			files = (
				14FB3DB8293D9D4B0062D118 /* main.cpp in Sources */,
			);
			runOnlyForDeploymentPostprocessing = 0;
		};
/* End PBXSourcesBuildPhase section */

/* Begin XCBuildConfiguration section */
		14FB3DB9293D9D4B0062D118 /* Debug */ = {
			isa = XCBuildConfiguration;
			buildSettings = {
				ALWAYS_SEARCH_USER_PATHS = NO;
				CLANG_ANALYZER_NONNULL = YES;
				CLANG_ANALYZER_NUMBER_OBJECT_CONVERSION = YES_AGGRESSIVE;
				CLANG_CXX_LANGUAGE_STANDARD = "gnu++20";
				CLANG_ENABLE_MODULES = YES;
				CLANG_ENABLE_OBJC_ARC = YES;
				CLANG_ENABLE_OBJC_WEAK = YES;
				CLANG_WARN_BLOCK_CAPTURE_AUTORELEASING = YES;
				CLANG_WARN_BOOL_CONVERSION = YES;
				CLANG_WARN_COMMA = YES;
				CLANG_WARN_CONSTANT_CONVERSION = YES;
				CLANG_WARN_DEPRECATED_OBJC_IMPLEMENTATIONS = YES;
				CLANG_WARN_DIRECT_OBJC_ISA_USAGE = YES_ERROR;
				CLANG_WARN_DOCUMENTATION_COMMENTS = YES;
				CLANG_WARN_EMPTY_BODY = YES;
				CLANG_WARN_ENUM_CONVERSION = YES;
				CLANG_WARN_INFINITE_RECURSION = YES;
				CLANG_WARN_INT_CONVERSION = YES;
				CLANG_WARN_NON_LITERAL_NULL_CONVERSION = YES;
				CLANG_WARN_OBJC_IMPLICIT_RETAIN_SELF = YES;
				CLANG_WARN_OBJC_LITERAL_CONVERSION = YES;
				CLANG_WARN_OBJC_ROOT_CLASS = YES_ERROR;
				CLANG_WARN_QUOTED_INCLUDE_IN_FRAMEWORK_HEADER = YES;
				CLANG_WARN_RANGE_LOOP_ANALYSIS = YES;
				CLANG_WARN_STRICT_PROTOTYPES = YES;
				CLANG_WARN_SUSPICIOUS_MOVE = YES;
				CLANG_WARN_UNGUARDED_AVAILABILITY = YES_AGGRESSIVE;
				CLANG_WARN_UNREACHABLE_CODE = YES;
				CLANG_WARN__DUPLICATE_METHOD_MATCH = YES;
				COPY_PHASE_STRIP = NO;
				DEBUG_INFORMATION_FORMAT = dwarf;
				ENABLE_STRICT_OBJC_MSGSEND = YES;
				ENABLE_TESTABILITY = YES;
				GCC_C_LANGUAGE_STANDARD = gnu11;
				GCC_DYNAMIC_NO_PIC = NO;
				GCC_NO_COMMON_BLOCKS = YES;
				GCC_OPTIMIZATION_LEVEL = 0;
				GCC_PREPROCESSOR_DEFINITIONS = (
					"DEBUG=1",
					"$(inherited)",
				);
				GCC_WARN_64_TO_32_BIT_CONVERSION = YES;
				GCC_WARN_ABOUT_RETURN_TYPE = YES_ERROR;
				GCC_WARN_UNDECLARED_SELECTOR = YES;
				GCC_WARN_UNINITIALIZED_AUTOS = YES_AGGRESSIVE;
				GCC_WARN_UNUSED_FUNCTION = YES;
				GCC_WARN_UNUSED_VARIABLE = YES;
				MACOSX_DEPLOYMENT_TARGET = 12.3;
				MTL_ENABLE_DEBUG_INFO = INCLUDE_SOURCE;
				MTL_FAST_MATH = YES;
				ONLY_ACTIVE_ARCH = YES;
				SDKROOT = macosx;
			};
			name = Debug;
		};
		14FB3DBA293D9D4B0062D118 /* Release */ = {
			isa = XCBuildConfiguration;
			buildSettings = {
				ALWAYS_SEARCH_USER_PATHS = NO;
				CLANG_ANALYZER_NONNULL = YES;
				CLANG_ANALYZER_NUMBER_OBJECT_CONVERSION = YES_AGGRESSIVE;
				CLANG_CXX_LANGUAGE_STANDARD = "gnu++20";
				CLANG_ENABLE_MODULES = YES;
				CLANG_ENABLE_OBJC_ARC = YES;
				CLANG_ENABLE_OBJC_WEAK = YES;
				CLANG_WARN_BLOCK_CAPTURE_AUTORELEASING = YES;
				CLANG_WARN_BOOL_CONVERSION = YES;
				CLANG_WARN_COMMA = YES;
				CLANG_WARN_CONSTANT_CONVERSION = YES;
				CLANG_WARN_DEPRECATED_OBJC_IMPLEMENTATIONS = YES;
				CLANG_WARN_DIRECT_OBJC_ISA_USAGE = YES_ERROR;
				CLANG_WARN_DOCUMENTATION_COMMENTS = YES;
				CLANG_WARN_EMPTY_BODY = YES;
				CLANG_WARN_ENUM_CONVERSION = YES;
				CLANG_WARN_INFINITE_RECURSION = YES;
				CLANG_WARN_INT_CONVERSION = YES;
				CLANG_WARN_NON_LITERAL_NULL_CONVERSION = YES;
				CLANG_WARN_OBJC_IMPLICIT_RETAIN_SELF = YES;
				CLANG_WARN_OBJC_LITERAL_CONVERSION = YES;
				CLANG_WARN_OBJC_ROOT_CLASS = YES_ERROR;
				CLANG_WARN_QUOTED_INCLUDE_IN_FRAMEWORK_HEADER = YES;
				CLANG_WARN_RANGE_LOOP_ANALYSIS = YES;
				CLANG_WARN_STRICT_PROTOTYPES = YES;
				CLANG_WARN_SUSPICIOUS_MOVE = YES;
				CLANG_WARN_UNGUARDED_AVAILABILITY = YES_AGGRESSIVE;
				CLANG_WARN_UNREACHABLE_CODE = YES;
				CLANG_WARN__DUPLICATE_METHOD_MATCH = YES;
				COPY_PHASE_STRIP = NO;
				DEBUG_INFORMATION_FORMAT = "dwarf-with-dsym";
				ENABLE_NS_ASSERTIONS = NO;
				ENABLE_STRICT_OBJC_MSGSEND = YES;
				GCC_C_LANGUAGE_STANDARD = gnu11;
				GCC_NO_COMMON_BLOCKS = YES;
				GCC_WARN_64_TO_32_BIT_CONVERSION = YES;
				GCC_WARN_ABOUT_RETURN_TYPE = YES_ERROR;
				GCC_WARN_UNDECLARED_SELECTOR = YES;
				GCC_WARN_UNINITIALIZED_AUTOS = YES_AGGRESSIVE;
				GCC_WARN_UNUSED_FUNCTION = YES;
				GCC_WARN_UNUSED_VARIABLE = YES;
				MACOSX_DEPLOYMENT_TARGET = 12.3;
				MTL_ENABLE_DEBUG_INFO = NO;
				MTL_FAST_MATH = YES;
				SDKROOT = macosx;
			};
			name = Release;
		};
		14FB3DBC293D9D4B0062D118 /* Debug */ = {
			isa = XCBuildConfiguration;
			buildSettings = {
				CODE_SIGN_STYLE = Automatic;
				DEVELOPMENT_TEAM = M72GVPRP5H;
				ENABLE_HARDENED_RUNTIME = YES;
				HEADER_SEARCH_PATHS = /usr/local/include;
				LIBRARY_SEARCH_PATHS = (
					"$(inherited)",
					/usr/local/Cellar/sdl2/2.26.0/lib,
				);
				OTHER_CFLAGS = "-Wno-deprecated";
				PRODUCT_NAME = "$(TARGET_NAME)";
			};
			name = Debug;
		};
		14FB3DBD293D9D4B0062D118 /* Release */ = {
			isa = XCBuildConfiguration;
			buildSettings = {
				CODE_SIGN_STYLE = Automatic;
				DEVELOPMENT_TEAM = M72GVPRP5H;
				ENABLE_HARDENED_RUNTIME = YES;
				HEADER_SEARCH_PATHS = /usr/local/include;
				LIBRARY_SEARCH_PATHS = (
					"$(inherited)",
					/usr/local/Cellar/sdl2/2.26.0/lib,
				);
				OTHER_CFLAGS = "-Wno-deprecated";
				PRODUCT_NAME = "$(TARGET_NAME)";
			};
			name = Release;
		};
/* End XCBuildConfiguration section */

/* Begin XCConfigurationList section */
		14FB3DAF293D9D4B0062D118 /* Build configuration list for PBXProject "cg_lab10" */ = {
			isa = XCConfigurationList;
			buildConfigurations = (
				14FB3DB9293D9D4B0062D118 /* Debug */,
				14FB3DBA293D9D4B0062D118 /* Release */,
			);
			defaultConfigurationIsVisible = 0;
			defaultConfigurationName = Release;
		};
		14FB3DBB293D9D4B0062D118 /* Build configuration list for PBXNativeTarget "cg_lab10" */ = {
			isa = XCConfigurationList;
			buildConfigurations = (
				14FB3DBC293D9D4B0062D118 /* Debug */,
				14FB3DBD293D9D4B0062D118 /* Release */,
			);
			defaultConfigurationIsVisible = 0;
			defaultConfigurationName = Release;
		};
/* End XCConfigurationList section */
	};
	rootObject = 14FB3DAC293D9D4B0062D118 /* Project object */;
}
